{
  "name": "sts2-cards",
  "version": "1.0.0",
  "lockfileVersion": 3,
  "requires": true,
  "packages": {
    "": {
      "name": "sts2-cards",
      "version": "1.0.0",
      "dependencies": {
        "@neondatabase/serverless": "^1.1.0",
        "pinyin-pro": "^3.29.3",
        "ws": "^8.21.3"
      },
      "devDependencies": {
        "@types/node": "^26.5.0"
      }
    },
    "node_modules/@neondatabase/serverless": {
      "version": "1.1.0",
      "resolved": "https://registry.npmjs.org/@neondatabase/serverless/-/serverless-1.1.0.tgz",
      "integrity": "sha512-r3ZZhRjEcfEdKIZnoB1RusNgvHuaBRqfCzV4Gi+5A9yUX0S4HTws/ASWqt13wL4y4I+0rqsWGdA2w7EQXHi3+Q==",
      "license": "MIT",
      "engines": {
        "node": ">=19.0.0"
      }
    },
    "node_modules/@types/node": {
      "version": "26.5.0",
      "resolved": "https://registry.npmjs.org/@types/node/-/node-26.5.0.tgz",
      "integrity": "sha512-dVSGpriSoCgz8WnDNTuSSuSv1PC/ALXihO4ulRZt7Md8k9mlbdin3lGOcDE8SnWOgf513ByWlXd7BK4azmyg/A==",
      "dev": true,
      "license": "MIT",
      "dependencies": {
        "undici-types": "~8.9.0"
      }
    },
    "node_modules/pinyin-pro": {
      "version": "3.29.3",
      "resolved": "https://registry.npmjs.org/pinyin-pro/-/pinyin-pro-3.29.3.tgz",
      "integrity": "sha512-+UU9bx6vfDw8amOJGHm0TE0rdQl8VPylsDWviQ5OOQ3e+on1xRP4OqDbiDuMT5OISgvfl/Y6ez1BBRaIP80GLQ==",
      "license": "MIT"
    },
    "node_modules/undici-types": {
      "version": "8.9.0",
      "resolved": "https://registry.npmjs.org/undici-types/-/undici-types-8.9.0.tgz",
      "integrity": "sha512-KTDyRTYX8sWmKXAikPHHSyc63CRPETMctyjKFupcC6OBLXT3xsN0e9aF7m+mIXutFWpUXuedtowG7iLOzp0kQg==",
      "dev": true,
      "license": "MIT"
    },
    "node_modules/ws": {
      "version": "8.21.3",
      "resolved": "https://registry.npmjs.org/ws/-/ws-8.21.3.tgz",
      "integrity": "sha512-201TZ/kPWxoPr/OKWjquZR1SWKXcvxdH+e1xrx89b3YbmzLMFCLfnaG1HFIgWzJOEWZ7MvpK++odZufgYR50Rw==",
      "license": "MIT",
      "engines": {
        "node": ">=10.0.0"
      },
      "peerDependencies": {
        "bufferutil": "^4.0.1",
        "utf-8-validate": ">=5.0.2"
      },
      "peerDependenciesMeta": {
        "bufferutil": {
          "optional": true
        },
        "utf-8-validate": {
          "optional": true
        }
      }
    }
  }
}
